lockfileVersion: '9.0'

settings:
  autoInstallPeers: true
  excludeLinksFromLockfile: false

importers:

  .:
    dependencies:
      commander:
        specifier: ^14.0.3
        version: 14.0.3
      openai:
        specifier: ^6.33.0
        version: 6.33.0
    devDependencies:
      '@types/node':
        specifier: ^25.5.2
        version: 25.5.2
      '@typescript/native-preview':
        specifier: 7.0.0-dev.20260406.1
        version: 7.0.0-dev.20260406.1
      npm-check-updates:
        specifier: ^20.0.0
        version: 20.0.0

packages:

  '@types/node@25.5.2':
    resolution: {integrity: sha512-tO4ZIRKNC+MDWV4qKVZe3Ql/woTnmHDr5JD8UI5hn2pwBrHEwOEMZK7WlNb5RKB6EoJ02gwmQS9OrjuFnZYdpg==}

  '@typescript/native-preview-darwin-arm64@7.0.0-dev.20260406.1':
    resolution: {integrity: sha512-q6AMrDHlD6dQHpRuGOewhvKTCBDWRgJ42678+muvHbdHkBafRSUSBRiYasUp8cInK22jlkVwNLqQn6j7Sl9zVg==}
    cpu: [arm64]
    os: [darwin]

  '@typescript/native-preview-darwin-x64@7.0.0-dev.20260406.1':
    resolution: {integrity: sha512-3v8LplbhJwY4GlBawgJt4ydn0sYeowGMniGiPMBl38ioYAIJOriuBvAk+S/gbOoIfLjMLq0L65fnQN+w9+i5ag==}
    cpu: [x64]
    os: [darwin]

  '@typescript/native-preview-linux-arm64@7.0.0-dev.20260406.1':
    resolution: {integrity: sha512-hRY2czBKisYtcbwgl8HZBA7u/KKUumNlL0X2OpCK1BtQzKbHXAXi1HxUCPbwgHu4v6uGibvniny0BPA6MVrHDA==}
    cpu: [arm64]
    os: [linux]

  '@typescript/native-preview-linux-arm@7.0.0-dev.20260406.1':
    resolution: {integrity: sha512-KLa4bK2BxnQwc9uefI8rtaso3cNiRI5Y19z9Jx7UzFJS4YaxtFp5cVjfy4FlQ55ixtUExmCJH7GhSzuVeFl/Jw==}
    cpu: [arm]
    os: [linux]

  '@typescript/native-preview-linux-x64@7.0.0-dev.20260406.1':
    resolution: {integrity: sha512-Cbcy+lSctRHNmqvLl+l8RgomL0qX3wxEPKCOIdQ/ooicsIPFbkK57Cwdhw3RSpJ+Xb2LzLdneA2Q1Vg+f/Nwxg==}
    cpu: [x64]
    os: [linux]

  '@typescript/native-preview-win32-arm64@7.0.0-dev.20260406.1':
    resolution: {integrity: sha512-IFIkbYABge7f83A16awJJWUCrDG1Lw4//NCdU927i/CjgxG09q4ZJeVXcIbZQ5lJWwraiSTa6AMqvhF/tnR2KQ==}
    cpu: [arm64]
    os: [win32]

  '@typescript/native-preview-win32-x64@7.0.0-dev.20260406.1':
    resolution: {integrity: sha512-Jk7wP6SPaELTGY+ijvpude+dmXX9WeuLQLk9qjevQXTusFVcT8vjvepxJVshSJ1+Thmxy1t9v4l1pHnM3XUMjw==}
    cpu: [x64]
    os: [win32]

  '@typescript/native-preview@7.0.0-dev.20260406.1':
    resolution: {integrity: sha512-hlVajr01Y/ZmI9iZ7A6BgPxqXccGqxuc/PmVNdanr/LZdtsH9q11y2H3NFMaOrbPlDoeWxHvGUT3wsZllCphyg==}
    hasBin: true

  commander@14.0.3:
    resolution: {integrity: sha512-H+y0Jo/T1RZ9qPP4Eh1pkcQcLRglraJaSLoyOtHxu6AapkjWVCy2Sit1QQ4x3Dng8qDlSsZEet7g5Pq06MvTgw==}
    engines: {node: '>=20'}

  npm-check-updates@20.0.0:
    resolution: {integrity: sha512-qCs02x51irGf0okCttwv8lHEO2NxT903IJ2bKpG82kIzkm6pfT3CoWB5YIvqY/wi/DdnYRfI7eVfCYYymQgvCg==}
    engines: {node: '>=20.0.0', npm: '>=8.12.1'}
    hasBin: true

  openai@6.33.0:
    resolution: {integrity: sha512-xAYN1W3YsDXJWA5F277135YfkEk6H7D3D6vWwRhJ3OEkzRgcyK8z/P5P9Gyi/wB4N8kK9kM5ZjprfvyHagKmpw==}
    hasBin: true
    peerDependencies:
      ws: ^8.18.0
      zod: ^3.25 || ^4.0
    peerDependenciesMeta:
      ws:
        optional: true
      zod:
        optional: true

  undici-types@7.18.2:
    resolution: {integrity: sha512-AsuCzffGHJybSaRrmr5eHr81mwJU3kjw6M+uprWvCXiNeN9SOGwQ3Jn8jb8m3Z6izVgknn1R0FTCEAP2QrLY/w==}

snapshots:

  '@types/node@25.5.2':
    dependencies:
      undici-types: 7.18.2

  '@typescript/native-preview-darwin-arm64@7.0.0-dev.20260406.1':
    optional: true

  '@typescript/native-preview-darwin-x64@7.0.0-dev.20260406.1':
    optional: true

  '@typescript/native-preview-linux-arm64@7.0.0-dev.20260406.1':
    optional: true

  '@typescript/native-preview-linux-arm@7.0.0-dev.20260406.1':
    optional: true

  '@typescript/native-preview-linux-x64@7.0.0-dev.20260406.1':
    optional: true

  '@typescript/native-preview-win32-arm64@7.0.0-dev.20260406.1':
    optional: true

  '@typescript/native-preview-win32-x64@7.0.0-dev.20260406.1':
    optional: true

  '@typescript/native-preview@7.0.0-dev.20260406.1':
    optionalDependencies:
      '@typescript/native-preview-darwin-arm64': 7.0.0-dev.20260406.1
      '@typescript/native-preview-darwin-x64': 7.0.0-dev.20260406.1
      '@typescript/native-preview-linux-arm': 7.0.0-dev.20260406.1
      '@typescript/native-preview-linux-arm64': 7.0.0-dev.20260406.1
      '@typescript/native-preview-linux-x64': 7.0.0-dev.20260406.1
      '@typescript/native-preview-win32-arm64': 7.0.0-dev.20260406.1
      '@typescript/native-preview-win32-x64': 7.0.0-dev.20260406.1

  commander@14.0.3: {}

  npm-check-updates@20.0.0: {}

  openai@6.33.0: {}

  undici-types@7.18.2: {}
